
Microsoft Visual Studio Solution File, Format Version 10.00
# Visual Studio 2008
Project("{FAE04EC0-301F-11D3-BF4B-00C04F79EFBC}") = "WindowsFormsApplication1", "WindowsFormsApplication1\WindowsFormsApplication1.csproj", "{DA801F52-0265-4825-867B-40E3000148AF}"
EndProject
Global
	GlobalSection(SolutionConfigurationPlatforms) = preSolution
		Debug|Any CPU = Debug|Any CPU
		Release|Any CPU = Release|Any CPU
	EndGlobalSection
	GlobalSection(ProjectConfigurationPlatforms) = postSolution
		{DA801F52-0265-4825-867B-40E3000148AF}.Debug|Any CPU.ActiveCfg = Debug|Any CPU
		{DA801F52-0265-4825-867B-40E3000148AF}.Debug|Any CPU.Build.0 = Debug|Any CPU
		{DA801F52-0265-4825-867B-40E3000148AF}.Release|Any CPU.ActiveCfg = Release|Any CPU
		{DA801F52-0265-4825-867B-40E3000148AF}.Release|Any CPU.Build.0 = Release|Any CPU
	EndGlobalSection
	GlobalSection(SolutionProperties) = preSolution
		HideSolutionNode = FALSE
	EndGlobalSection
EndGlobal
